
Microsoft Visual Studio Solution File, Format Version 12.00
# Visual Studio Version 16
VisualStudioVersion = 16.0.32228.343
MinimumVisualStudioVersion = 10.0.40219.1
Project("{9A19103F-16F7-4668-BE54-9A1E7A4F7556}") = "Entidades", "Entidades\Entidades.csproj", "{2D652D12-9AFF-40B9-9AD9-891679F082C7}"
EndProject
Project("{9A19103F-16F7-4668-BE54-9A1E7A4F7556}") = "Archivos", "Archivos\Archivos.csproj", "{9107CC2F-BB46-4FDF-AEC8-BA9DD008BAC4}"
EndProject
Project("{9A19103F-16F7-4668-BE54-9A1E7A4F7556}") = "FormApp", "FormApp\FormApp.csproj", "{2F75E158-A8B0-4858-A986-07A196CE60DE}"
EndProject
Project("{FAE04EC0-301F-11D3-BF4B-00C04F79EFBC}") = "Test", "Test\Test.csproj", "{23E53BA5-4AAF-40B9-8D0E-089AB633F7B0}"
EndProject
Global
	GlobalSection(SolutionConfigurationPlatforms) = preSolution
		Debug|Any CPU = Debug|Any CPU
		Release|Any CPU = Release|Any CPU
	EndGlobalSection
	GlobalSection(ProjectConfigurationPlatforms) = postSolution
		{2D652D12-9AFF-40B9-9AD9-891679F082C7}.Debug|Any CPU.ActiveCfg = Debug|Any CPU
		{2D652D12-9AFF-40B9-9AD9-891679F082C7}.Debug|Any CPU.Build.0 = Debug|Any CPU
		{2D652D12-9AFF-40B9-9AD9-891679F082C7}.Release|Any CPU.ActiveCfg = Release|Any CPU
		{2D652D12-9AFF-40B9-9AD9-891679F082C7}.Release|Any CPU.Build.0 = Release|Any CPU
		{9107CC2F-BB46-4FDF-AEC8-BA9DD008BAC4}.Debug|Any CPU.ActiveCfg = Debug|Any CPU
		{9107CC2F-BB46-4FDF-AEC8-BA9DD008BAC4}.Debug|Any CPU.Build.0 = Debug|Any CPU
		{9107CC2F-BB46-4FDF-AEC8-BA9DD008BAC4}.Release|Any CPU.ActiveCfg = Release|Any CPU
		{9107CC2F-BB46-4FDF-AEC8-BA9DD008BAC4}.Release|Any CPU.Build.0 = Release|Any CPU
		{2F75E158-A8B0-4858-A986-07A196CE60DE}.Debug|Any CPU.ActiveCfg = Debug|Any CPU
		{2F75E158-A8B0-4858-A986-07A196CE60DE}.Debug|Any CPU.Build.0 = Debug|Any CPU
		{2F75E158-A8B0-4858-A986-07A196CE60DE}.Release|Any CPU.ActiveCfg = Release|Any CPU
		{2F75E158-A8B0-4858-A986-07A196CE60DE}.Release|Any CPU.Build.0 = Release|Any CPU
		{23E53BA5-4AAF-40B9-8D0E-089AB633F7B0}.Debug|Any CPU.ActiveCfg = Debug|Any CPU
		{23E53BA5-4AAF-40B9-8D0E-089AB633F7B0}.Debug|Any CPU.Build.0 = Debug|Any CPU
		{23E53BA5-4AAF-40B9-8D0E-089AB633F7B0}.Release|Any CPU.ActiveCfg = Release|Any CPU
		{23E53BA5-4AAF-40B9-8D0E-089AB633F7B0}.Release|Any CPU.Build.0 = Release|Any CPU
	EndGlobalSection
	GlobalSection(SolutionProperties) = preSolution
		HideSolutionNode = FALSE
	EndGlobalSection
	GlobalSection(ExtensibilityGlobals) = postSolution
		SolutionGuid = {B19B0F19-59FE-418B-88A6-382F1AE2F6F5}
	EndGlobalSection
EndGlobal
